
Microsoft Visual Studio Solution File, Format Version 12.00
Project("{FAE04EC0-301F-11D3-BF4B-00C04F79EFBC}") = "AdapterPattern", "AdapterPattern\AdapterPattern.csproj", "{3F0C42BD-B517-4E04-9B79-D0CA9BE31C93}"
EndProject
Global
	GlobalSection(SolutionConfigurationPlatforms) = preSolution
		Debug|Any CPU = Debug|Any CPU
		Release|Any CPU = Release|Any CPU
	EndGlobalSection
	GlobalSection(ProjectConfigurationPlatforms) = postSolution
		{3F0C42BD-B517-4E04-9B79-D0CA9BE31C93}.Debug|Any CPU.ActiveCfg = Debug|Any CPU
		{3F0C42BD-B517-4E04-9B79-D0CA9BE31C93}.Debug|Any CPU.Build.0 = Debug|Any CPU
		{3F0C42BD-B517-4E04-9B79-D0CA9BE31C93}.Release|Any CPU.ActiveCfg = Release|Any CPU
		{3F0C42BD-B517-4E04-9B79-D0CA9BE31C93}.Release|Any CPU.Build.0 = Release|Any CPU
	EndGlobalSection
EndGlobal
